
Microsoft Visual Studio Solution File, Format Version 12.00
# Visual Studio Version 16
VisualStudioVersion = 16.0.29403.142
MinimumVisualStudioVersion = 10.0.40219.1
Project("{FAE04EC0-301F-11D3-BF4B-00C04F79EFBC}") = "EvaluacionWeb", "EvaluacionWeb\EvaluacionWeb.csproj", "{E4AD9407-CE4B-47F2-B476-A84BCCD875AC}"
EndProject
Project("{FAE04EC0-301F-11D3-BF4B-00C04F79EFBC}") = "BLL", "BLL\BLL.csproj", "{FB1AA4E0-5EB9-4053-BDD5-CDD984743BD5}"
EndProject
Project("{FAE04EC0-301F-11D3-BF4B-00C04F79EFBC}") = "DAL", "DAL\DAL.csproj", "{F7ADB660-7038-4265-80EF-C1AA2377D08E}"
EndProject
Project("{FAE04EC0-301F-11D3-BF4B-00C04F79EFBC}") = "Entidades", "Entidades\Entidades.csproj", "{33642194-BF0B-43FF-93E5-32758E373C26}"
EndProject
Global
	GlobalSection(SolutionConfigurationPlatforms) = preSolution
		Debug|Any CPU = Debug|Any CPU
		Release|Any CPU = Release|Any CPU
	EndGlobalSection
	GlobalSection(ProjectConfigurationPlatforms) = postSolution
		{E4AD9407-CE4B-47F2-B476-A84BCCD875AC}.Debug|Any CPU.ActiveCfg = Debug|Any CPU
		{E4AD9407-CE4B-47F2-B476-A84BCCD875AC}.Debug|Any CPU.Build.0 = Debug|Any CPU
		{E4AD9407-CE4B-47F2-B476-A84BCCD875AC}.Release|Any CPU.ActiveCfg = Release|Any CPU
		{E4AD9407-CE4B-47F2-B476-A84BCCD875AC}.Release|Any CPU.Build.0 = Release|Any CPU
		{FB1AA4E0-5EB9-4053-BDD5-CDD984743BD5}.Debug|Any CPU.ActiveCfg = Debug|Any CPU
		{FB1AA4E0-5EB9-4053-BDD5-CDD984743BD5}.Debug|Any CPU.Build.0 = Debug|Any CPU
		{FB1AA4E0-5EB9-4053-BDD5-CDD984743BD5}.Release|Any CPU.ActiveCfg = Release|Any CPU
		{FB1AA4E0-5EB9-4053-BDD5-CDD984743BD5}.Release|Any CPU.Build.0 = Release|Any CPU
		{F7ADB660-7038-4265-80EF-C1AA2377D08E}.Debug|Any CPU.ActiveCfg = Debug|Any CPU
		{F7ADB660-7038-4265-80EF-C1AA2377D08E}.Debug|Any CPU.Build.0 = Debug|Any CPU
		{F7ADB660-7038-4265-80EF-C1AA2377D08E}.Release|Any CPU.ActiveCfg = Release|Any CPU
		{F7ADB660-7038-4265-80EF-C1AA2377D08E}.Release|Any CPU.Build.0 = Release|Any CPU
		{33642194-BF0B-43FF-93E5-32758E373C26}.Debug|Any CPU.ActiveCfg = Debug|Any CPU
		{33642194-BF0B-43FF-93E5-32758E373C26}.Debug|Any CPU.Build.0 = Debug|Any CPU
		{33642194-BF0B-43FF-93E5-32758E373C26}.Release|Any CPU.ActiveCfg = Release|Any CPU
		{33642194-BF0B-43FF-93E5-32758E373C26}.Release|Any CPU.Build.0 = Release|Any CPU
	EndGlobalSection
	GlobalSection(SolutionProperties) = preSolution
		HideSolutionNode = FALSE
	EndGlobalSection
	GlobalSection(ExtensibilityGlobals) = postSolution
		SolutionGuid = {BB1CCA94-D111-4942-8B33-4283BB74FDD8}
	EndGlobalSection
EndGlobal
